
Microsoft Visual Studio Solution File, Format Version 12.00
# Visual Studio Version 17
VisualStudioVersion = 17.14.36511.14 d17.14
MinimumVisualStudioVersion = 10.0.40219.1
Project("{FAE04EC0-301F-11D3-BF4B-00C04F79EFBC}") = "FastClipper", "FastClipper\FastClipper.csproj", "{630869E3-D0AB-4808-A8BB-42F27BAB90C7}"
EndProject
Global
	GlobalSection(SolutionConfigurationPlatforms) = preSolution
		Debug|Any CPU = Debug|Any CPU
		Release|Any CPU = Release|Any CPU
	EndGlobalSection
	GlobalSection(ProjectConfigurationPlatforms) = postSolution
		{630869E3-D0AB-4808-A8BB-42F27BAB90C7}.Debug|Any CPU.ActiveCfg = Debug|Any CPU
		{630869E3-D0AB-4808-A8BB-42F27BAB90C7}.Debug|Any CPU.Build.0 = Debug|Any CPU
		{630869E3-D0AB-4808-A8BB-42F27BAB90C7}.Release|Any CPU.ActiveCfg = Release|Any CPU
		{630869E3-D0AB-4808-A8BB-42F27BAB90C7}.Release|Any CPU.Build.0 = Release|Any CPU
	EndGlobalSection
	GlobalSection(SolutionProperties) = preSolution
		HideSolutionNode = FALSE
	EndGlobalSection
	GlobalSection(ExtensibilityGlobals) = postSolution
		SolutionGuid = {C5CDAB7C-6C24-45FB-B084-C0032DF13793}
	EndGlobalSection
EndGlobal
